<Solution>
  <Folder Name="/Task0/">
    <Project Path="Tyuiu.ChumachenkoZS.Sprint0.Task0.V0/Tyuiu.ChumachenkoZS.Sprint0.Task0.V0.csproj" />
  </Folder>
  <Folder Name="/Task1/">
    <Project Path="Tyuiu.ChumachenkoZS.Sprint0.Task1.V0/Tyuiu.ChumachenkoZS.Sprint0.Task1.V0.csproj" Id="a28afd37-4dc0-409b-9760-2ba9ddc4c6ac" />
  </Folder>
  <Folder Name="/Task2/">
    <Project Path="Tyuiu.ChumachenkoZS.Sprint0.Task2.V0.Lib/Tyuiu.ChumachenkoZS.Sprint0.Task2.V0.Lib.csproj" Id="4a4da84a-d1f7-4cb8-bfed-6f6e8c080181" />
    <Project Path="Tyuiu.ChumachenkoZS.Sprint0.Task2.V0.Test/Tyuiu.ChumachenkoZS.Sprint0.Task2.V0.Test.csproj" Id="1532e6e3-9086-4e58-acbf-0fc56186a4df" />
    <Project Path="Tyuiu.ChumachenkoZS.Sprint0.Task2.V0/Tyuiu.ChumachenkoZS.Sprint0.Task2.V0.csproj" Id="072e7c2c-85a8-4d25-b00d-2c9f28c28a7b" />
  </Folder>
  <Folder Name="/Task3/">
    <Project Path="Tyuiu.ChumachenkoZS.Sprint0.Task3.V0.Lib/Tyuiu.ChumachenkoZS.Sprint0.Task3.V0.Lib.csproj" Id="a0428af1-ad0c-4cd7-a87e-65f6ba84ad4f" />
    <Project Path="Tyuiu.ChumachenkoZS.Sprint0.Task3.V0.Test/Tyuiu.ChumachenkoZS.Sprint0.Task3.V0.Test.csproj" Id="d182607b-5ab1-4a6e-a7fb-6d7825af05c7" />
    <Project Path="Tyuiu.ChumachenkoZS.Sprint0.Task3.V0/Tyuiu.ChumachenkoZS.Sprint0.Task3.V0.csproj" Id="19d70a2b-c073-4944-95cd-8d32f8472f2d" />
  </Folder>
</Solution>
